
Microsoft Visual Studio Solution File, Format Version 12.00
# Visual Studio Version 17
VisualStudioVersion = 17.14.36414.22 d17.14
MinimumVisualStudioVersion = 10.0.40219.1
Project("{FAE04EC0-301F-11D3-BF4B-00C04F79EFBC}") = "InfinityOfficialNetwork.Internal.NativeAssets.JeMalloc", "InfinityOfficialNetwork.Internal.NativeAssets.JeMalloc\InfinityOfficialNetwork.Internal.NativeAssets.JeMalloc.csproj", "{D3A08C35-B85C-487A-959B-CEA01433001C}"
EndProject
Global
	GlobalSection(SolutionConfigurationPlatforms) = preSolution
		Debug|Any CPU = Debug|Any CPU
		Release|Any CPU = Release|Any CPU
	EndGlobalSection
	GlobalSection(ProjectConfigurationPlatforms) = postSolution
		{D3A08C35-B85C-487A-959B-CEA01433001C}.Debug|Any CPU.ActiveCfg = Debug|Any CPU
		{D3A08C35-B85C-487A-959B-CEA01433001C}.Debug|Any CPU.Build.0 = Debug|Any CPU
		{D3A08C35-B85C-487A-959B-CEA01433001C}.Release|Any CPU.ActiveCfg = Release|Any CPU
		{D3A08C35-B85C-487A-959B-CEA01433001C}.Release|Any CPU.Build.0 = Release|Any CPU
	EndGlobalSection
	GlobalSection(SolutionProperties) = preSolution
		HideSolutionNode = FALSE
	EndGlobalSection
	GlobalSection(ExtensibilityGlobals) = postSolution
		SolutionGuid = {B2E2D8B2-16ED-405B-A63C-96AE84EA2959}
	EndGlobalSection
EndGlobal
